<?xml version="1.0" encoding="utf-8"?>
<Project ToolsVersion="4.0" xmlns="http://schemas.microsoft.com/developer/msbuild/2003">
  <ItemGroup>
    <Filter Include="Source Files">
      <UniqueIdentifier>{4FC737F1-C7A5-4376-A066-2A32D752A2FF}</UniqueIdentifier>
      <Extensions>cpp;c;cc;cxx;def;odl;idl;hpj;bat;asm;asmx</Extensions>
    </Filter>
    <Filter Include="Header Files">
      <UniqueIdentifier>{93995380-89BD-4b04-88EB-625FBE52EBFB}</UniqueIdentifier>
      <Extensions>h;hpp;hxx;hm;inl;inc;xsd</Extensions>
    </Filter>
    <Filter Include="Resource Files">
      <UniqueIdentifier>{67DA6AB6-F800-4c08-8B7A-83BB121AAD01}</UniqueIdentifier>
      <Extensions>rc;ico;cur;bmp;dlg;rc2;rct;bin;rgs;gif;jpg;jpeg;jpe;resx;tiff;tif;png;wav;mfcribbon-ms</Extensions>
    </Filter>
    <Filter Include="BGI Kernel">
      <UniqueIdentifier>{24f17465-b28e-48c4-8b38-02a670fd14ed}</UniqueIdentifier>
    </Filter>
  </ItemGroup>
  <ItemGroup>
    <ClCompile Include="BGIKernel\bgiout.cxx">
      <Filter>BGI Kernel</Filter>
    </ClCompile>
    <ClCompile Include="BGIKernel\dibutil.cxx">
      <Filter>BGI Kernel</Filter>
    </ClCompile>
    <ClCompile Include="BGIKernel\drawing.cxx">
      <Filter>BGI Kernel</Filter>
    </ClCompile>
    <ClCompile Include="BGIKernel\file.cxx">
      <Filter>BGI Kernel</Filter>
    </ClCompile>
    <ClCompile Include="BGIKernel\misc.cxx">
      <Filter>BGI Kernel</Filter>
    </ClCompile>
    <ClCompile Include="BGIKernel\mouse.cxx">
      <Filter>BGI Kernel</Filter>
    </ClCompile>
    <ClCompile Include="BGIKernel\palette.cxx">
      <Filter>BGI Kernel</Filter>
    </ClCompile>
    <ClCompile Include="BGIKernel\text.cxx">
      <Filter>BGI Kernel</Filter>
    </ClCompile>
    <ClCompile Include="BGIKernel\winbgi.cxx">
      <Filter>BGI Kernel</Filter>
    </ClCompile>
    <ClCompile Include="BGIKernel\winthread.cxx">
      <Filter>BGI Kernel</Filter>
    </ClCompile>
    <ClCompile Include="BGIKernel\main.cxx">
      <Filter>BGI Kernel</Filter>
    </ClCompile>
    <ClCompile Include="functions.cpp">
      <Filter>Source Files</Filter>
    </ClCompile>
    <ClCompile Include="Ex2-1.cpp">
      <Filter>Resource Files</Filter>
    </ClCompile>
    <ClCompile Include="Ex2-2.cpp">
      <Filter>Resource Files</Filter>
    </ClCompile>
    <ClCompile Include="Ex2-3.cpp">
      <Filter>Resource Files</Filter>
    </ClCompile>
    <ClCompile Include="Ex2-7.cpp">
      <Filter>Resource Files</Filter>
    </ClCompile>
    <ClCompile Include="Ex2-4.cpp">
      <Filter>Resource Files</Filter>
    </ClCompile>
    <ClCompile Include="Ex2-5.cpp">
      <Filter>Resource Files</Filter>
    </ClCompile>
    <ClCompile Include="Ex2-6.cpp">
      <Filter>Resource Files</Filter>
    </ClCompile>
    <ClCompile Include="CMouse.cpp">
      <Filter>Source Files</Filter>
    </ClCompile>
  </ItemGroup>
  <ItemGroup>
    <ClInclude Include="BGIKernel\dibapi.h">
      <Filter>Header Files</Filter>
    </ClInclude>
    <ClInclude Include="BGIKernel\dibutil.h">
      <Filter>Header Files</Filter>
    </ClInclude>
    <ClInclude Include="BGIKernel\graphics.h">
      <Filter>Header Files</Filter>
    </ClInclude>
    <ClInclude Include="BGIKernel\winbgi.h">
      <Filter>Header Files</Filter>
    </ClInclude>
    <ClInclude Include="BGIKernel\winbgim.h">
      <Filter>Header Files</Filter>
    </ClInclude>
    <ClInclude Include="BGIKernel\winbgitypes.h">
      <Filter>Header Files</Filter>
    </ClInclude>
    <ClInclude Include="functions.h">
      <Filter>Source Files</Filter>
    </ClInclude>
    <ClInclude Include="CMouse.h">
      <Filter>Source Files</Filter>
    </ClInclude>
  </ItemGroup>
</Project>